
Microsoft Visual Studio Solution File, Format Version 12.00
# Visual Studio Version 16
VisualStudioVersion = 16.0.30523.141
MinimumVisualStudioVersion = 10.0.40219.1
Project("{8BC9CEB8-8B4A-11D0-8D11-00A0C91BC942}") = "Engine", "Engine\Engine.vcxproj", "{EEDEAD61-2811-41C9-8A1D-72B4ACA9211C}"
EndProject
Project("{8BC9CEB8-8B4A-11D0-8D11-00A0C91BC942}") = "Demo", "Demo\Demo.vcxproj", "{1629D52A-B3EE-4CB7-9BBC-E2768135967E}"
	ProjectSection(ProjectDependencies) = postProject
		{EEDEAD61-2811-41C9-8A1D-72B4ACA9211C} = {EEDEAD61-2811-41C9-8A1D-72B4ACA9211C}
		{CBD1CCD5-198A-4EFC-94F0-5EB9E32F8387} = {CBD1CCD5-198A-4EFC-94F0-5EB9E32F8387}
	EndProjectSection
EndProject
Project("{8BC9CEB8-8B4A-11D0-8D11-00A0C91BC942}") = "SpirV", "SpirV\SpirV.vcxproj", "{CEAED29D-FB33-40A5-9224-14E30009D5AB}"
EndProject
Project("{8BC9CEB8-8B4A-11D0-8D11-00A0C91BC942}") = "ImGui", "ImGui\ImGui.vcxproj", "{CBD1CCD5-198A-4EFC-94F0-5EB9E32F8387}"
EndProject
Global
	GlobalSection(SolutionConfigurationPlatforms) = preSolution
		Debug|x64 = Debug|x64
		Debug|x86 = Debug|x86
		Release|x64 = Release|x64
		Release|x86 = Release|x86
	EndGlobalSection
	GlobalSection(ProjectConfigurationPlatforms) = postSolution
		{EEDEAD61-2811-41C9-8A1D-72B4ACA9211C}.Debug|x64.ActiveCfg = Debug|x64
		{EEDEAD61-2811-41C9-8A1D-72B4ACA9211C}.Debug|x64.Build.0 = Debug|x64
		{EEDEAD61-2811-41C9-8A1D-72B4ACA9211C}.Debug|x86.ActiveCfg = Debug|Win32
		{EEDEAD61-2811-41C9-8A1D-72B4ACA9211C}.Debug|x86.Build.0 = Debug|Win32
		{EEDEAD61-2811-41C9-8A1D-72B4ACA9211C}.Release|x64.ActiveCfg = Release|x64
		{EEDEAD61-2811-41C9-8A1D-72B4ACA9211C}.Release|x64.Build.0 = Release|x64
		{EEDEAD61-2811-41C9-8A1D-72B4ACA9211C}.Release|x86.ActiveCfg = Release|Win32
		{EEDEAD61-2811-41C9-8A1D-72B4ACA9211C}.Release|x86.Build.0 = Release|Win32
		{1629D52A-B3EE-4CB7-9BBC-E2768135967E}.Debug|x64.ActiveCfg = Debug|x64
		{1629D52A-B3EE-4CB7-9BBC-E2768135967E}.Debug|x64.Build.0 = Debug|x64
		{1629D52A-B3EE-4CB7-9BBC-E2768135967E}.Debug|x86.ActiveCfg = Debug|Win32
		{1629D52A-B3EE-4CB7-9BBC-E2768135967E}.Debug|x86.Build.0 = Debug|Win32
		{1629D52A-B3EE-4CB7-9BBC-E2768135967E}.Release|x64.ActiveCfg = Release|x64
		{1629D52A-B3EE-4CB7-9BBC-E2768135967E}.Release|x64.Build.0 = Release|x64
		{1629D52A-B3EE-4CB7-9BBC-E2768135967E}.Release|x86.ActiveCfg = Release|Win32
		{1629D52A-B3EE-4CB7-9BBC-E2768135967E}.Release|x86.Build.0 = Release|Win32
		{CEAED29D-FB33-40A5-9224-14E30009D5AB}.Debug|x64.ActiveCfg = Debug|x64
		{CEAED29D-FB33-40A5-9224-14E30009D5AB}.Debug|x64.Build.0 = Debug|x64
		{CEAED29D-FB33-40A5-9224-14E30009D5AB}.Debug|x86.ActiveCfg = Debug|Win32
		{CEAED29D-FB33-40A5-9224-14E30009D5AB}.Debug|x86.Build.0 = Debug|Win32
		{CEAED29D-FB33-40A5-9224-14E30009D5AB}.Release|x64.ActiveCfg = Release|x64
		{CEAED29D-FB33-40A5-9224-14E30009D5AB}.Release|x64.Build.0 = Release|x64
		{CEAED29D-FB33-40A5-9224-14E30009D5AB}.Release|x86.ActiveCfg = Release|Win32
		{CEAED29D-FB33-40A5-9224-14E30009D5AB}.Release|x86.Build.0 = Release|Win32
		{CBD1CCD5-198A-4EFC-94F0-5EB9E32F8387}.Debug|x64.ActiveCfg = Debug|x64
		{CBD1CCD5-198A-4EFC-94F0-5EB9E32F8387}.Debug|x64.Build.0 = Debug|x64
		{CBD1CCD5-198A-4EFC-94F0-5EB9E32F8387}.Debug|x86.ActiveCfg = Debug|Win32
		{CBD1CCD5-198A-4EFC-94F0-5EB9E32F8387}.Debug|x86.Build.0 = Debug|Win32
		{CBD1CCD5-198A-4EFC-94F0-5EB9E32F8387}.Release|x64.ActiveCfg = Release|x64
		{CBD1CCD5-198A-4EFC-94F0-5EB9E32F8387}.Release|x64.Build.0 = Release|x64
		{CBD1CCD5-198A-4EFC-94F0-5EB9E32F8387}.Release|x86.ActiveCfg = Release|Win32
		{CBD1CCD5-198A-4EFC-94F0-5EB9E32F8387}.Release|x86.Build.0 = Release|Win32
	EndGlobalSection
	GlobalSection(SolutionProperties) = preSolution
		HideSolutionNode = FALSE
	EndGlobalSection
	GlobalSection(ExtensibilityGlobals) = postSolution
		SolutionGuid = {8A9F4598-0C48-4460-BF79-189C462EE15F}
	EndGlobalSection
EndGlobal
